Microsoft Visual Studio Solution File, Format Version 12.00
# Visual Studio Version 17
VisualStudioVersion = 17.5.2.0
MinimumVisualStudioVersion = 10.0.40219.1
Project("{FAE04EC0-301F-11D3-BF4B-00C04F79EFBC}") = "OrderItemsReserver-cloudx", "OrderItemsReserver-cloudx.csproj", "{A8751F0E-B7E4-4A80-158C-FFA7416A67C3}"
EndProject
Global
	GlobalSection(SolutionConfigurationPlatforms) = preSolution
		Debug|Any CPU = Debug|Any CPU
		Release|Any CPU = Release|Any CPU
	EndGlobalSection
	GlobalSection(ProjectConfigurationPlatforms) = postSolution
		{A8751F0E-B7E4-4A80-158C-FFA7416A67C3}.Debug|Any CPU.ActiveCfg = Debug|Any CPU
		{A8751F0E-B7E4-4A80-158C-FFA7416A67C3}.Debug|Any CPU.Build.0 = Debug|Any CPU
		{A8751F0E-B7E4-4A80-158C-FFA7416A67C3}.Release|Any CPU.ActiveCfg = Release|Any CPU
		{A8751F0E-B7E4-4A80-158C-FFA7416A67C3}.Release|Any CPU.Build.0 = Release|Any CPU
	EndGlobalSection
	GlobalSection(SolutionProperties) = preSolution
		HideSolutionNode = FALSE
	EndGlobalSection
	GlobalSection(ExtensibilityGlobals) = postSolution
		SolutionGuid = {6A8145F0-73B7-4494-952D-AADD16298630}
	EndGlobalSection
EndGlobal
